// !$*UTF8*$!
{
	archiveVersion = 1;
	classes = {
	};
	objectVersion = 50;
	objects = {

/* Begin PBXBuildFile section */
		37218AF625B35ECC00B3ECD0 /* DetailView.swift in Sources */ = {isa = PBXBuildFile; fileRef = 37218AF525B35ECC00B3ECD0 /* DetailView.swift */; };
		377E127925B22C0B009AAAE1 /* H4XDR_NewsApp.swift in Sources */ = {isa = PBXBuildFile; fileRef = 377E127825B22C0B009AAAE1 /* H4XDR_NewsApp.swift */; };
		377E127B25B22C0B009AAAE1 /* ContentView.swift in Sources */ = {isa = PBXBuildFile; fileRef = 377E127A25B22C0B009AAAE1 /* ContentView.swift */; };
		377E127D25B22C0C009AAAE1 /* Assets.xcassets in Resources */ = {isa = PBXBuildFile; fileRef = 377E127C25B22C0C009AAAE1 /* Assets.xcassets */; };
		377E128025B22C0C009AAAE1 /* Preview Assets.xcassets in Resources */ = {isa = PBXBuildFile; fileRef = 377E127F25B22C0C009AAAE1 /* Preview Assets.xcassets */; };
		377E128925B23265009AAAE1 /* NetworkManager.swift in Sources */ = {isa = PBXBuildFile; fileRef = 377E128825B23265009AAAE1 /* NetworkManager.swift */; };
		377E128D25B23404009AAAE1 /* PostData.swift in Sources */ = {isa = PBXBuildFile; fileRef = 377E128C25B23404009AAAE1 /* PostData.swift */; };
/* End PBXBuildFile section */

/* Begin PBXFileReference section */
		37218AF525B35ECC00B3ECD0 /* DetailView.swift */ = {isa = PBXFileReference; lastKnownFileType = sourcecode.swift; path = DetailView.swift; sourceTree = "<group>"; };
		377E127525B22C0B009AAAE1 /* H4XDR News.app */ = {isa = PBXFileReference; explicitFileType = wrapper.application; includeInIndex = 0; path = "H4XDR News.app"; sourceTree = BUILT_PRODUCTS_DIR; };
		377E127825B22C0B009AAAE1 /* H4XDR_NewsApp.swift */ = {isa = PBXFileReference; lastKnownFileType = sourcecode.swift; path = H4XDR_NewsApp.swift; sourceTree = "<group>"; };
		377E127A25B22C0B009AAAE1 /* ContentView.swift */ = {isa = PBXFileReference; lastKnownFileType = sourcecode.swift; path = ContentView.swift; sourceTree = "<group>"; };
		377E127C25B22C0C009AAAE1 /* Assets.xcassets */ = {isa = PBXFileReference; lastKnownFileType = folder.assetcatalog; path = Assets.xcassets; sourceTree = "<group>"; };
		377E127F25B22C0C009AAAE1 /* Preview Assets.xcassets */ = {isa = PBXFileReference; lastKnownFileType = folder.assetcatalog; path = "Preview Assets.xcassets"; sourceTree = "<group>"; };
		377E128125B22C0C009AAAE1 /* Info.plist */ = {isa = PBXFileReference; lastKnownFileType = text.plist.xml; path = Info.plist; sourceTree = "<group>"; };
		377E128825B23265009AAAE1 /* NetworkManager.swift */ = {isa = PBXFileReference; lastKnownFileType = sourcecode.swift; path = NetworkManager.swift; sourceTree = "<group>"; };
		377E128C25B23404009AAAE1 /* PostData.swift */ = {isa = PBXFileReference; lastKnownFileType = sourcecode.swift; path = PostData.swift; sourceTree = "<group>"; };
/* End PBXFileReference section */

/* Begin PBXFrameworksBuildPhase section */
		377E127225B22C0B009AAAE1 /* Frameworks */ = {
			isa = PBXFrameworksBuildPhase;
			buildActionMask = 2147483647;
			files = (
			);
			runOnlyForDeploymentPostprocessing = 0;
		};
/* End PBXFrameworksBuildPhase section */

/* Begin PBXGroup section */
		37218AF425B35E8E00B3ECD0 /* Views */ = {
			isa = PBXGroup;
			children = (
				377E127A25B22C0B009AAAE1 /* ContentView.swift */,
				37218AF525B35ECC00B3ECD0 /* DetailView.swift */,
			);
			path = Views;
			sourceTree = "<group>";
		};
		377E126C25B22C0B009AAAE1 = {
			isa = PBXGroup;
			children = (
				377E127725B22C0B009AAAE1 /* H4XDR News */,
				377E127625B22C0B009AAAE1 /* Products */,
			);
			sourceTree = "<group>";
		};
		377E127625B22C0B009AAAE1 /* Products */ = {
			isa = PBXGroup;
			children = (
				377E127525B22C0B009AAAE1 /* H4XDR News.app */,
			);
			name = Products;
			sourceTree = "<group>";
		};
		377E127725B22C0B009AAAE1 /* H4XDR News */ = {
			isa = PBXGroup;
			children = (
				377E127825B22C0B009AAAE1 /* H4XDR_NewsApp.swift */,
				37218AF425B35E8E00B3ECD0 /* Views */,
				377E127C25B22C0C009AAAE1 /* Assets.xcassets */,
				377E128125B22C0C009AAAE1 /* Info.plist */,
				377E127E25B22C0C009AAAE1 /* Preview Content */,
				377E128825B23265009AAAE1 /* NetworkManager.swift */,
				377E128C25B23404009AAAE1 /* PostData.swift */,
			);
			path = "H4XDR News";
			sourceTree = "<group>";
		};
		377E127E25B22C0C009AAAE1 /* Preview Content */ = {
			isa = PBXGroup;
			children = (
				377E127F25B22C0C009AAAE1 /* Preview Assets.xcassets */,
			);
			path = "Preview Content";
			sourceTree = "<group>";
		};
/* End PBXGroup section */

/* Begin PBXNativeTarget section */
		377E127425B22C0B009AAAE1 /* H4XDR News */ = {
			isa = PBXNativeTarget;
			buildConfigurationList = 377E128425B22C0C009AAAE1 /* Build configuration list for PBXNativeTarget "H4XDR News" */;
			buildPhases = (
				377E127125B22C0B009AAAE1 /* Sources */,
				377E127225B22C0B009AAAE1 /* Frameworks */,
				377E127325B22C0B009AAAE1 /* Resources */,
			);
			buildRules = (
			);
			dependencies = (
			);
			name = "H4XDR News";
			productName = "H4XDR News";
			productReference = 377E127525B22C0B009AAAE1 /* H4XDR News.app */;
			productType = "com.apple.product-type.application";
		};
/* End PBXNativeTarget section */

/* Begin PBXProject section */
		377E126D25B22C0B009AAAE1 /* Project object */ = {
			isa = PBXProject;
			attributes = {
				LastSwiftUpdateCheck = 1230;
				LastUpgradeCheck = 1230;
				TargetAttributes = {
					377E127425B22C0B009AAAE1 = {
						CreatedOnToolsVersion = 12.3;
					};
				};
			};
			buildConfigurationList = 377E127025B22C0B009AAAE1 /* Build configuration list for PBXProject "H4XDR News" */;
			compatibilityVersion = "Xcode 9.3";
			developmentRegion = en;
			hasScannedForEncodings = 0;
			knownRegions = (
				en,
				Base,
			);
			mainGroup = 377E126C25B22C0B009AAAE1;
			productRefGroup = 377E127625B22C0B009AAAE1 /* Products */;
			projectDirPath = "";
			projectRoot = "";
			targets = (
				377E127425B22C0B009AAAE1 /* H4XDR News */,
			);
		};
/* End PBXProject section */

/* Begin PBXResourcesBuildPhase section */
		377E127325B22C0B009AAAE1 /* Resources */ = {
			isa = PBXResourcesBuildPhase;
			buildActionMask = 2147483647;
			files = (
				377E128025B22C0C009AAAE1 /* Preview Assets.xcassets in Resources */,
				377E127D25B22C0C009AAAE1 /* Assets.xcassets in Resources */,
			);
			runOnlyForDeploymentPostprocessing = 0;
		};
/* End PBXResourcesBuildPhase section */

/* Begin PBXSourcesBuildPhase section */
		377E127125B22C0B009AAAE1 /* Sources */ = {
			isa = PBXSourcesBuildPhase;
			buildActionMask = 2147483647;
			files = (
				377E128925B23265009AAAE1 /* NetworkManager.swift in Sources */,
				377E128D25B23404009AAAE1 /* PostData.swift in Sources */,
				377E127B25B22C0B009AAAE1 /* ContentView.swift in Sources */,
				37218AF625B35ECC00B3ECD0 /* DetailView.swift in Sources */,
				377E127925B22C0B009AAAE1 /* H4XDR_NewsApp.swift in Sources */,
			);
			runOnlyForDeploymentPostprocessing = 0;
		};
/* End PBXSourcesBuildPhase section */

/* Begin XCBuildConfiguration section */
		377E128225B22C0C009AAAE1 /* Debug */ = {
			isa = XCBuildConfiguration;
			buildSettings = {
				ALWAYS_SEARCH_USER_PATHS = NO;
				CLANG_ANALYZER_NONNULL = YES;
				CLANG_ANALYZER_NUMBER_OBJECT_CONVERSION = YES_AGGRESSIVE;
				CLANG_CXX_LANGUAGE_STANDARD = "gnu++14";
				CLANG_CXX_LIBRARY = "libc++";
				CLANG_ENABLE_MODULES = YES;
				CLANG_ENABLE_OBJC_ARC = YES;
				CLANG_ENABLE_OBJC_WEAK = YES;
				CLANG_WARN_BLOCK_CAPTURE_AUTORELEASING = YES;
				CLANG_WARN_BOOL_CONVERSION = YES;
				CLANG_WARN_COMMA = YES;
				CLANG_WARN_CONSTANT_CONVERSION = YES;
				CLANG_WARN_DEPRECATED_OBJC_IMPLEMENTATIONS = YES;
				CLANG_WARN_DIRECT_OBJC_ISA_USAGE = YES_ERROR;
				CLANG_WARN_DOCUMENTATION_COMMENTS = YES;
				CLANG_WARN_EMPTY_BODY = YES;
				CLANG_WARN_ENUM_CONVERSION = YES;
				CLANG_WARN_INFINITE_RECURSION = YES;
				CLANG_WARN_INT_CONVERSION = YES;
				CLANG_WARN_NON_LITERAL_NULL_CONVERSION = YES;
				CLANG_WARN_OBJC_IMPLICIT_RETAIN_SELF = YES;
				CLANG_WARN_OBJC_LITERAL_CONVERSION = YES;
				CLANG_WARN_OBJC_ROOT_CLASS = YES_ERROR;
				CLANG_WARN_QUOTED_INCLUDE_IN_FRAMEWORK_HEADER = YES;
				CLANG_WARN_RANGE_LOOP_ANALYSIS = YES;
				CLANG_WARN_STRICT_PROTOTYPES = YES;
				CLANG_WARN_SUSPICIOUS_MOVE = YES;
				CLANG_WARN_UNGUARDED_AVAILABILITY = YES_AGGRESSIVE;
				CLANG_WARN_UNREACHABLE_CODE = YES;
				CLANG_WARN__DUPLICATE_METHOD_MATCH = YES;
				COPY_PHASE_STRIP = NO;
				DEBUG_INFORMATION_FORMAT = dwarf;
				ENABLE_STRICT_OBJC_MSGSEND = YES;
				ENABLE_TESTABILITY = YES;
				GCC_C_LANGUAGE_STANDARD = gnu11;
				GCC_DYNAMIC_NO_PIC = NO;
				GCC_NO_COMMON_BLOCKS = YES;
				GCC_OPTIMIZATION_LEVEL = 0;
				GCC_PREPROCESSOR_DEFINITIONS = (
					"DEBUG=1",
					"$(inherited)",
				);
				GCC_WARN_64_TO_32_BIT_CONVERSION = YES;
				GCC_WARN_ABOUT_RETURN_TYPE = YES_ERROR;
				GCC_WARN_UNDECLARED_SELECTOR = YES;
				GCC_WARN_UNINITIALIZED_AUTOS = YES_AGGRESSIVE;
				GCC_WARN_UNUSED_FUNCTION = YES;
				GCC_WARN_UNUSED_VARIABLE = YES;
				IPHONEOS_DEPLOYMENT_TARGET = 14.3;
				MTL_ENABLE_DEBUG_INFO = INCLUDE_SOURCE;
				MTL_FAST_MATH = YES;
				ONLY_ACTIVE_ARCH = YES;
				SDKROOT = iphoneos;
				SWIFT_ACTIVE_COMPILATION_CONDITIONS = DEBUG;
				SWIFT_OPTIMIZATION_LEVEL = "-Onone";
			};
			name = Debug;
		};
		377E128325B22C0C009AAAE1 /* Release */ = {
			isa = XCBuildConfiguration;
			buildSettings = {
				ALWAYS_SEARCH_USER_PATHS = NO;
				CLANG_ANALYZER_NONNULL = YES;
				CLANG_ANALYZER_NUMBER_OBJECT_CONVERSION = YES_AGGRESSIVE;
				CLANG_CXX_LANGUAGE_STANDARD = "gnu++14";
				CLANG_CXX_LIBRARY = "libc++";
				CLANG_ENABLE_MODULES = YES;
				CLANG_ENABLE_OBJC_ARC = YES;
				CLANG_ENABLE_OBJC_WEAK = YES;
				CLANG_WARN_BLOCK_CAPTURE_AUTORELEASING = YES;
				CLANG_WARN_BOOL_CONVERSION = YES;
				CLANG_WARN_COMMA = YES;
				CLANG_WARN_CONSTANT_CONVERSION = YES;
				CLANG_WARN_DEPRECATED_OBJC_IMPLEMENTATIONS = YES;
				CLANG_WARN_DIRECT_OBJC_ISA_USAGE = YES_ERROR;
				CLANG_WARN_DOCUMENTATION_COMMENTS = YES;
				CLANG_WARN_EMPTY_BODY = YES;
				CLANG_WARN_ENUM_CONVERSION = YES;
				CLANG_WARN_INFINITE_RECURSION = YES;
				CLANG_WARN_INT_CONVERSION = YES;
				CLANG_WARN_NON_LITERAL_NULL_CONVERSION = YES;
				CLANG_WARN_OBJC_IMPLICIT_RETAIN_SELF = YES;
				CLANG_WARN_OBJC_LITERAL_CONVERSION = YES;
				CLANG_WARN_OBJC_ROOT_CLASS = YES_ERROR;
				CLANG_WARN_QUOTED_INCLUDE_IN_FRAMEWORK_HEADER = YES;
				CLANG_WARN_RANGE_LOOP_ANALYSIS = YES;
				CLANG_WARN_STRICT_PROTOTYPES = YES;
				CLANG_WARN_SUSPICIOUS_MOVE = YES;
				CLANG_WARN_UNGUARDED_AVAILABILITY = YES_AGGRESSIVE;
				CLANG_WARN_UNREACHABLE_CODE = YES;
				CLANG_WARN__DUPLICATE_METHOD_MATCH = YES;
				COPY_PHASE_STRIP = NO;
				DEBUG_INFORMATION_FORMAT = "dwarf-with-dsym";
				ENABLE_NS_ASSERTIONS = NO;
				ENABLE_STRICT_OBJC_MSGSEND = YES;
				GCC_C_LANGUAGE_STANDARD = gnu11;
				GCC_NO_COMMON_BLOCKS = YES;
				GCC_WARN_64_TO_32_BIT_CONVERSION = YES;
				GCC_WARN_ABOUT_RETURN_TYPE = YES_ERROR;
				GCC_WARN_UNDECLARED_SELECTOR = YES;
				GCC_WARN_UNINITIALIZED_AUTOS = YES_AGGRESSIVE;
				GCC_WARN_UNUSED_FUNCTION = YES;
				GCC_WARN_UNUSED_VARIABLE = YES;
				IPHONEOS_DEPLOYMENT_TARGET = 14.3;
				MTL_ENABLE_DEBUG_INFO = NO;
				MTL_FAST_MATH = YES;
				SDKROOT = iphoneos;
				SWIFT_COMPILATION_MODE = wholemodule;
				SWIFT_OPTIMIZATION_LEVEL = "-O";
				VALIDATE_PRODUCT = YES;
			};
			name = Release;
		};
		377E128525B22C0C009AAAE1 /* Debug */ = {
			isa = XCBuildConfiguration;
			buildSettings = {
				ASSETCATALOG_COMPILER_APPICON_NAME = AppIcon;
				ASSETCATALOG_COMPILER_GLOBAL_ACCENT_COLOR_NAME = AccentColor;
				CODE_SIGN_STYLE = Automatic;
				DEVELOPMENT_ASSET_PATHS = "\"H4XDR News/Preview Content\"";
				DEVELOPMENT_TEAM = AYJ4KHXP29;
				ENABLE_PREVIEWS = YES;
				INFOPLIST_FILE = "H4XDR News/Info.plist";
				IPHONEOS_DEPLOYMENT_TARGET = 14.0;
				LD_RUNPATH_SEARCH_PATHS = (
					"$(inherited)",
					"@executable_path/Frameworks",
				);
				PRODUCT_BUNDLE_IDENTIFIER = "arkadiusz.H4XDR-News";
				PRODUCT_NAME = "$(TARGET_NAME)";
				SWIFT_VERSION = 5.0;
				TARGETED_DEVICE_FAMILY = "1,2";
			};
			name = Debug;
		};
		377E128625B22C0C009AAAE1 /* Release */ = {
			isa = XCBuildConfiguration;
			buildSettings = {
				ASSETCATALOG_COMPILER_APPICON_NAME = AppIcon;
				ASSETCATALOG_COMPILER_GLOBAL_ACCENT_COLOR_NAME = AccentColor;
				CODE_SIGN_STYLE = Automatic;
				DEVELOPMENT_ASSET_PATHS = "\"H4XDR News/Preview Content\"";
				DEVELOPMENT_TEAM = AYJ4KHXP29;
				ENABLE_PREVIEWS = YES;
				INFOPLIST_FILE = "H4XDR News/Info.plist";
				IPHONEOS_DEPLOYMENT_TARGET = 14.0;
				LD_RUNPATH_SEARCH_PATHS = (
					"$(inherited)",
					"@executable_path/Frameworks",
				);
				PRODUCT_BUNDLE_IDENTIFIER = "arkadiusz.H4XDR-News";
				PRODUCT_NAME = "$(TARGET_NAME)";
				SWIFT_VERSION = 5.0;
				TARGETED_DEVICE_FAMILY = "1,2";
			};
			name = Release;
		};
/* End XCBuildConfiguration section */

/* Begin XCConfigurationList section */
		377E127025B22C0B009AAAE1 /* Build configuration list for PBXProject "H4XDR News" */ = {
			isa = XCConfigurationList;
			buildConfigurations = (
				377E128225B22C0C009AAAE1 /* Debug */,
				377E128325B22C0C009AAAE1 /* Release */,
			);
			defaultConfigurationIsVisible = 0;
			defaultConfigurationName = Release;
		};
		377E128425B22C0C009AAAE1 /* Build configuration list for PBXNativeTarget "H4XDR News" */ = {
			isa = XCConfigurationList;
			buildConfigurations = (
				377E128525B22C0C009AAAE1 /* Debug */,
				377E128625B22C0C009AAAE1 /* Release */,
			);
			defaultConfigurationIsVisible = 0;
			defaultConfigurationName = Release;
		};
/* End XCConfigurationList section */
	};
	rootObject = 377E126D25B22C0B009AAAE1 /* Project object */;
}
